# This file is automatically @generated by Poetry 2.2.1 and should not be changed by hand.

[[package]]
name = "python-multipart"
version = "0.0.22"
description = "A streaming multipart parser for Python"
optional = false
python-versions = ">=3.10"
groups = ["dev"]
files = [
    {file = "python_multipart-0.0.22-py3-none-any.whl", hash = "sha256:2b2cd894c83d21bf49d702499531c7bafd057d730c201782048f7945d82de155"},
    {file = "python_multipart-0.0.22.tar.gz", hash = "sha256:7340bef99a7e0032613f56dc36027b959fd3b30a787ed62d310e951f7c3a3a58"},
]

[metadata]
lock-version = "2.1"
python-versions = ">=3.13"
content-hash = "43c15d4b40e26b9dc4090308565270876da3b72ef2b9fa0bddbe4b344cfe177c"
